
Microsoft Visual Studio Solution File, Format Version 12.00
# Visual Studio 2012
Project("{A0786B88-2ADB-4C21-ABE8-AA2D79766269}") = "TDX Digital TPS", "TDX Digital TPS\TDX Digital TPS.phpproj", "{1B3383AA-E7A0-4EA5-BDAA-D87C8D07ADB1}"
EndProject
Global
	GlobalSection(SolutionConfigurationPlatforms) = preSolution
		Debug|Any CPU = Debug|Any CPU
		Release|Any CPU = Release|Any CPU
	EndGlobalSection
	GlobalSection(ProjectConfigurationPlatforms) = postSolution
		{1B3383AA-E7A0-4EA5-BDAA-D87C8D07ADB1}.Debug|Any CPU.ActiveCfg = Debug|Any CPU
		{1B3383AA-E7A0-4EA5-BDAA-D87C8D07ADB1}.Debug|Any CPU.Build.0 = Debug|Any CPU
		{1B3383AA-E7A0-4EA5-BDAA-D87C8D07ADB1}.Release|Any CPU.ActiveCfg = Release|Any CPU
		{1B3383AA-E7A0-4EA5-BDAA-D87C8D07ADB1}.Release|Any CPU.Build.0 = Release|Any CPU
	EndGlobalSection
	GlobalSection(SolutionProperties) = preSolution
		HideSolutionNode = FALSE
	EndGlobalSection
EndGlobal
